
Microsoft Visual Studio Solution File, Format Version 12.00
# Visual Studio Version 17
VisualStudioVersion = 17.11.35222.181
MinimumVisualStudioVersion = 10.0.40219.1
Project("{8BC9CEB8-8B4A-11D0-8D11-00A0C91BC942}") = "CPP1_Scratch", "CPP1_Scratch\CPP1_Scratch.vcxproj", "{1DE3D15B-F7F9-43E7-9689-A29C9C58252B}"
EndProject
Global
	GlobalSection(SolutionConfigurationPlatforms) = preSolution
		Debug|x64 = Debug|x64
		Debug|x86 = Debug|x86
		Release|x64 = Release|x64
		Release|x86 = Release|x86
	EndGlobalSection
	GlobalSection(ProjectConfigurationPlatforms) = postSolution
		{1DE3D15B-F7F9-43E7-9689-A29C9C58252B}.Debug|x64.ActiveCfg = Debug|x64
		{1DE3D15B-F7F9-43E7-9689-A29C9C58252B}.Debug|x64.Build.0 = Debug|x64
		{1DE3D15B-F7F9-43E7-9689-A29C9C58252B}.Debug|x86.ActiveCfg = Debug|Win32
		{1DE3D15B-F7F9-43E7-9689-A29C9C58252B}.Debug|x86.Build.0 = Debug|Win32
		{1DE3D15B-F7F9-43E7-9689-A29C9C58252B}.Release|x64.ActiveCfg = Release|x64
		{1DE3D15B-F7F9-43E7-9689-A29C9C58252B}.Release|x64.Build.0 = Release|x64
		{1DE3D15B-F7F9-43E7-9689-A29C9C58252B}.Release|x86.ActiveCfg = Release|Win32
		{1DE3D15B-F7F9-43E7-9689-A29C9C58252B}.Release|x86.Build.0 = Release|Win32
	EndGlobalSection
	GlobalSection(SolutionProperties) = preSolution
		HideSolutionNode = FALSE
	EndGlobalSection
	GlobalSection(ExtensibilityGlobals) = postSolution
		SolutionGuid = {CB57EDD8-2501-41D4-BC5C-40DBEA26EF23}
	EndGlobalSection
EndGlobal
